
Microsoft Visual Studio Solution File, Format Version 12.00
# Visual Studio Version 17
VisualStudioVersion = 17.14.36414.22 d17.14
MinimumVisualStudioVersion = 10.0.40219.1
Project("{888888A0-9F3D-457C-B088-3A5042F75D52}") = "Practice1", "Practice1.pyproj", "{F6D89539-8F2B-4654-BCC8-104C1B5FF464}"
EndProject
Global
	GlobalSection(SolutionConfigurationPlatforms) = preSolution
		Debug|Any CPU = Debug|Any CPU
		Release|Any CPU = Release|Any CPU
	EndGlobalSection
	GlobalSection(ProjectConfigurationPlatforms) = postSolution
		{F6D89539-8F2B-4654-BCC8-104C1B5FF464}.Debug|Any CPU.ActiveCfg = Debug|Any CPU
		{F6D89539-8F2B-4654-BCC8-104C1B5FF464}.Release|Any CPU.ActiveCfg = Release|Any CPU
	EndGlobalSection
	GlobalSection(SolutionProperties) = preSolution
		HideSolutionNode = FALSE
	EndGlobalSection
	GlobalSection(ExtensibilityGlobals) = postSolution
		SolutionGuid = {D660C83C-CDFD-4745-B40B-DEFF795CC61E}
	EndGlobalSection
EndGlobal
